<?xml version="1.0" encoding="UTF-8" standalone="yes" ?>
<CodeBlocks_project_file>
	<FileVersion major="1" minor="6" />
	<Project>
		<Option title="SupermarketMS" />
		<Option pch_mode="2" />
		<Option compiler="gcc" />
		<Build>
			<Target title="Debug">
				<Option output="bin/Debug/SupermarketMS" prefix_auto="1" extension_auto="1" />
				<Option object_output="obj/Debug/" />
				<Option type="1" />
				<Option compiler="gcc" />
				<Compiler>
					<Add option="-g" />
				</Compiler>
			</Target>
			<Target title="Release">
				<Option output="bin/Release/SupermarketMS" prefix_auto="1" extension_auto="1" />
				<Option object_output="obj/Release/" />
				<Option type="1" />
				<Option compiler="gcc" />
				<Compiler>
					<Add option="-O2" />
				</Compiler>
				<Linker>
					<Add option="-s" />
				</Linker>
			</Target>
		</Build>
		<Compiler>
			<Add option="-Wall" />
		</Compiler>
		<Unit filename="Admin.c">
			<Option compilerVar="CC" />
		</Unit>
		<Unit filename="Browse.c">
			<Option compilerVar="CC" />
		</Unit>
		<Unit filename="DataOperation.c">
			<Option compilerVar="CC" />
		</Unit>
		<Unit filename="Display.c">
			<Option compilerVar="CC" />
		</Unit>
		<Unit filename="FileOperation.c">
			<Option compilerVar="CC" />
		</Unit>
		<Unit filename="Gadget.c">
			<Option compilerVar="CC" />
		</Unit>
		<Unit filename="GoodsControl.c">
			<Option compilerVar="CC" />
		</Unit>
		<Unit filename="Init.c">
			<Option compilerVar="CC" />
		</Unit>
		<Unit filename="Super.h" />
		<Unit filename="User.c">
			<Option compilerVar="CC" />
		</Unit>
		<Unit filename="UserCart.c">
			<Option compilerVar="CC" />
		</Unit>
		<Unit filename="UserPay.c">
			<Option compilerVar="CC" />
		</Unit>
		<Unit filename="main.c">
			<Option compilerVar="CC" />
		</Unit>
		<Extensions>
			<code_completion />
			<envvars />
			<debugger />
			<lib_finder disable_auto="1" />
		</Extensions>
	</Project>
</CodeBlocks_project_file>
